{
  "name": "sls-migrate-plugin-example",
  "version": "1.1.0",
  "lockfileVersion": 2,
  "requires": true,
  "packages": {
    "": {
      "name": "sls-migrate-plugin-example",
      "version": "1.1.0",
      "license": "ISC",
      "dependencies": {
        "serverless-migrate-plugin": "file:.."
      }
    },
    "..": {
      "version": "2.2.0",
      "license": "MIT",
      "dependencies": {
        "chalk": "^2.4.2",
        "dateformat": "^3.0.3",
        "migrate": "^1.8.0"
      },
      "devDependencies": {
        "eslint": "^6.3.0",
        "eslint-config-airbnb-base": "^14.0.0",
        "eslint-plugin-import": "^2.18.2"
      }
    },
    "node_modules/serverless-migrate-plugin": {
      "resolved": "..",
      "link": true
    }
  },
  "dependencies": {
    "serverless-migrate-plugin": {
      "version": "file:..",
      "requires": {
        "chalk": "^2.4.2",
        "dateformat": "^3.0.3",
        "eslint": "^6.3.0",
        "eslint-config-airbnb-base": "^14.0.0",
        "eslint-plugin-import": "^2.18.2",
        "migrate": "^1.8.0"
      }
    }
  }
}
